{
  "requires": true,
  "lockfileVersion": 1,
  "dependencies": {
    "compass": {
      "version": "0.1.1",
      "resolved": "https://registry.npmjs.org/compass/-/compass-0.1.1.tgz",
      "integrity": "sha1-XFbV60QtEMGtWYnvXF6SXbYMYOE="
    },
    "sass": {
      "version": "1.0.0-rc.1",
      "resolved": "https://registry.npmjs.org/sass/-/sass-1.0.0-rc.1.tgz",
      "integrity": "sha512-QX6hpmo7PVA0O+ZXLPBenc3oNvrPIicaU1GLK8EY/xWLzzLdFN86lR73JRxLS4I6KGTUvXqm7XNUgRR6oH7vYQ=="
    },
    "tiny-slider": {
      "version": "2.6.0",
      "resolved": "https://npm.bluechipdigital.com/tiny-slider/-/tiny-slider-2.6.0.tgz",
      "integrity": "sha512-QewKUddjxgpGSYlJ28DJuzuhaCJYK325v2fcIj1ByrsZ/3oHxqo6+CPYepfbhk7t+ur0YtssZwL3dHmTuu6uhQ=="
    }
  }
}
